
Microsoft Visual Studio Solution File, Format Version 12.00
# Visual Studio 15
VisualStudioVersion = 15.0.26124.0
MinimumVisualStudioVersion = 15.0.26124.0
Project("{FAE04EC0-301F-11D3-BF4B-00C04F79EFBC}") = "Sorting.Console", "Sorting.Console\Sorting.Console.csproj", "{008C5DC2-C0A8-46F0-944D-1D775F5AB9E9}"
EndProject
Project("{FAE04EC0-301F-11D3-BF4B-00C04F79EFBC}") = "Sorting.Tests", "Sorting.Tests\Sorting.Tests.csproj", "{B653B794-DE6A-438D-B19A-DF22C805968C}"
EndProject
Project("{FAE04EC0-301F-11D3-BF4B-00C04F79EFBC}") = "Sorting.Domain", "Sorting.Domain\Sorting.Domain.csproj", "{323E7BD7-106C-4352-B92B-C923EC0CE1AD}"
EndProject
Project("{FAE04EC0-301F-11D3-BF4B-00C04F79EFBC}") = "Sorting.Domain.Tests", "Sorting.Domain.Tests\Sorting.Domain.Tests.csproj", "{EA35E602-5680-4BA0-9173-D321F03EF684}"
EndProject
Global
	GlobalSection(SolutionConfigurationPlatforms) = preSolution
		Debug|Any CPU = Debug|Any CPU
		Debug|x64 = Debug|x64
		Debug|x86 = Debug|x86
		Release|Any CPU = Release|Any CPU
		Release|x64 = Release|x64
		Release|x86 = Release|x86
	EndGlobalSection
	GlobalSection(SolutionProperties) = preSolution
		HideSolutionNode = FALSE
	EndGlobalSection
	GlobalSection(ProjectConfigurationPlatforms) = postSolution
		{008C5DC2-C0A8-46F0-944D-1D775F5AB9E9}.Debug|Any CPU.ActiveCfg = Debug|Any CPU
		{008C5DC2-C0A8-46F0-944D-1D775F5AB9E9}.Debug|Any CPU.Build.0 = Debug|Any CPU
		{008C5DC2-C0A8-46F0-944D-1D775F5AB9E9}.Debug|x64.ActiveCfg = Debug|Any CPU
		{008C5DC2-C0A8-46F0-944D-1D775F5AB9E9}.Debug|x64.Build.0 = Debug|Any CPU
		{008C5DC2-C0A8-46F0-944D-1D775F5AB9E9}.Debug|x86.ActiveCfg = Debug|Any CPU
		{008C5DC2-C0A8-46F0-944D-1D775F5AB9E9}.Debug|x86.Build.0 = Debug|Any CPU
		{008C5DC2-C0A8-46F0-944D-1D775F5AB9E9}.Release|Any CPU.ActiveCfg = Release|Any CPU
		{008C5DC2-C0A8-46F0-944D-1D775F5AB9E9}.Release|Any CPU.Build.0 = Release|Any CPU
		{008C5DC2-C0A8-46F0-944D-1D775F5AB9E9}.Release|x64.ActiveCfg = Release|Any CPU
		{008C5DC2-C0A8-46F0-944D-1D775F5AB9E9}.Release|x64.Build.0 = Release|Any CPU
		{008C5DC2-C0A8-46F0-944D-1D775F5AB9E9}.Release|x86.ActiveCfg = Release|Any CPU
		{008C5DC2-C0A8-46F0-944D-1D775F5AB9E9}.Release|x86.Build.0 = Release|Any CPU
		{B653B794-DE6A-438D-B19A-DF22C805968C}.Debug|Any CPU.ActiveCfg = Debug|Any CPU
		{B653B794-DE6A-438D-B19A-DF22C805968C}.Debug|Any CPU.Build.0 = Debug|Any CPU
		{B653B794-DE6A-438D-B19A-DF22C805968C}.Debug|x64.ActiveCfg = Debug|Any CPU
		{B653B794-DE6A-438D-B19A-DF22C805968C}.Debug|x64.Build.0 = Debug|Any CPU
		{B653B794-DE6A-438D-B19A-DF22C805968C}.Debug|x86.ActiveCfg = Debug|Any CPU
		{B653B794-DE6A-438D-B19A-DF22C805968C}.Debug|x86.Build.0 = Debug|Any CPU
		{B653B794-DE6A-438D-B19A-DF22C805968C}.Release|Any CPU.ActiveCfg = Release|Any CPU
		{B653B794-DE6A-438D-B19A-DF22C805968C}.Release|Any CPU.Build.0 = Release|Any CPU
		{B653B794-DE6A-438D-B19A-DF22C805968C}.Release|x64.ActiveCfg = Release|Any CPU
		{B653B794-DE6A-438D-B19A-DF22C805968C}.Release|x64.Build.0 = Release|Any CPU
		{B653B794-DE6A-438D-B19A-DF22C805968C}.Release|x86.ActiveCfg = Release|Any CPU
		{B653B794-DE6A-438D-B19A-DF22C805968C}.Release|x86.Build.0 = Release|Any CPU
		{323E7BD7-106C-4352-B92B-C923EC0CE1AD}.Debug|Any CPU.ActiveCfg = Debug|Any CPU
		{323E7BD7-106C-4352-B92B-C923EC0CE1AD}.Debug|Any CPU.Build.0 = Debug|Any CPU
		{323E7BD7-106C-4352-B92B-C923EC0CE1AD}.Debug|x64.ActiveCfg = Debug|Any CPU
		{323E7BD7-106C-4352-B92B-C923EC0CE1AD}.Debug|x64.Build.0 = Debug|Any CPU
		{323E7BD7-106C-4352-B92B-C923EC0CE1AD}.Debug|x86.ActiveCfg = Debug|Any CPU
		{323E7BD7-106C-4352-B92B-C923EC0CE1AD}.Debug|x86.Build.0 = Debug|Any CPU
		{323E7BD7-106C-4352-B92B-C923EC0CE1AD}.Release|Any CPU.ActiveCfg = Release|Any CPU
		{323E7BD7-106C-4352-B92B-C923EC0CE1AD}.Release|Any CPU.Build.0 = Release|Any CPU
		{323E7BD7-106C-4352-B92B-C923EC0CE1AD}.Release|x64.ActiveCfg = Release|Any CPU
		{323E7BD7-106C-4352-B92B-C923EC0CE1AD}.Release|x64.Build.0 = Release|Any CPU
		{323E7BD7-106C-4352-B92B-C923EC0CE1AD}.Release|x86.ActiveCfg = Release|Any CPU
		{323E7BD7-106C-4352-B92B-C923EC0CE1AD}.Release|x86.Build.0 = Release|Any CPU
		{EA35E602-5680-4BA0-9173-D321F03EF684}.Debug|Any CPU.ActiveCfg = Debug|Any CPU
		{EA35E602-5680-4BA0-9173-D321F03EF684}.Debug|Any CPU.Build.0 = Debug|Any CPU
		{EA35E602-5680-4BA0-9173-D321F03EF684}.Debug|x64.ActiveCfg = Debug|Any CPU
		{EA35E602-5680-4BA0-9173-D321F03EF684}.Debug|x64.Build.0 = Debug|Any CPU
		{EA35E602-5680-4BA0-9173-D321F03EF684}.Debug|x86.ActiveCfg = Debug|Any CPU
		{EA35E602-5680-4BA0-9173-D321F03EF684}.Debug|x86.Build.0 = Debug|Any CPU
		{EA35E602-5680-4BA0-9173-D321F03EF684}.Release|Any CPU.ActiveCfg = Release|Any CPU
		{EA35E602-5680-4BA0-9173-D321F03EF684}.Release|Any CPU.Build.0 = Release|Any CPU
		{EA35E602-5680-4BA0-9173-D321F03EF684}.Release|x64.ActiveCfg = Release|Any CPU
		{EA35E602-5680-4BA0-9173-D321F03EF684}.Release|x64.Build.0 = Release|Any CPU
		{EA35E602-5680-4BA0-9173-D321F03EF684}.Release|x86.ActiveCfg = Release|Any CPU
		{EA35E602-5680-4BA0-9173-D321F03EF684}.Release|x86.Build.0 = Release|Any CPU
	EndGlobalSection
EndGlobal
